
Microsoft Visual Studio Solution File, Format Version 12.00
# Visual Studio Version 16
VisualStudioVersion = 16.0.29025.244
MinimumVisualStudioVersion = 10.0.40219.1
Project("{FAE04EC0-301F-11D3-BF4B-00C04F79EFBC}") = "Fiap.ProjetoRelacionamento", "Fiap.ProjetoRelacionamento\Fiap.ProjetoRelacionamento.csproj", "{9E870061-CF24-441B-BA75-FD652B4395C7}"
EndProject
Global
	GlobalSection(SolutionConfigurationPlatforms) = preSolution
		Debug|Any CPU = Debug|Any CPU
		Release|Any CPU = Release|Any CPU
	EndGlobalSection
	GlobalSection(ProjectConfigurationPlatforms) = postSolution
		{9E870061-CF24-441B-BA75-FD652B4395C7}.Debug|Any CPU.ActiveCfg = Debug|Any CPU
		{9E870061-CF24-441B-BA75-FD652B4395C7}.Debug|Any CPU.Build.0 = Debug|Any CPU
		{9E870061-CF24-441B-BA75-FD652B4395C7}.Release|Any CPU.ActiveCfg = Release|Any CPU
		{9E870061-CF24-441B-BA75-FD652B4395C7}.Release|Any CPU.Build.0 = Release|Any CPU
	EndGlobalSection
	GlobalSection(SolutionProperties) = preSolution
		HideSolutionNode = FALSE
	EndGlobalSection
	GlobalSection(ExtensibilityGlobals) = postSolution
		SolutionGuid = {5293DFC9-7A76-4CEF-9934-517CEF90842F}
	EndGlobalSection
EndGlobal
